
Microsoft Visual Studio Solution File, Format Version 12.00
# Visual Studio Version 16
VisualStudioVersion = 16.0.29920.165
MinimumVisualStudioVersion = 10.0.40219.1
Project("{FAE04EC0-301F-11D3-BF4B-00C04F79EFBC}") = "DepartmentsEmployeesAPI", "DepartmentsEmployeesAPI\DepartmentsEmployeesAPI.csproj", "{14E73E85-A223-42E5-89B4-3656DB8CE250}"
EndProject
Global
	GlobalSection(SolutionConfigurationPlatforms) = preSolution
		Debug|Any CPU = Debug|Any CPU
		Release|Any CPU = Release|Any CPU
	EndGlobalSection
	GlobalSection(ProjectConfigurationPlatforms) = postSolution
		{14E73E85-A223-42E5-89B4-3656DB8CE250}.Debug|Any CPU.ActiveCfg = Debug|Any CPU
		{14E73E85-A223-42E5-89B4-3656DB8CE250}.Debug|Any CPU.Build.0 = Debug|Any CPU
		{14E73E85-A223-42E5-89B4-3656DB8CE250}.Release|Any CPU.ActiveCfg = Release|Any CPU
		{14E73E85-A223-42E5-89B4-3656DB8CE250}.Release|Any CPU.Build.0 = Release|Any CPU
	EndGlobalSection
	GlobalSection(SolutionProperties) = preSolution
		HideSolutionNode = FALSE
	EndGlobalSection
	GlobalSection(ExtensibilityGlobals) = postSolution
		SolutionGuid = {AAA8CAE0-ABE2-45CD-9F0B-8B34DAC13272}
	EndGlobalSection
EndGlobal
